// !$*UTF8*$!
{
	archiveVersion = 1;
	classes = {
	};
	objectVersion = 50;
	objects = {

/* Begin PBXBuildFile section */
		9B3D54E4224076F100025AFB /* AppDelegate.swift in Sources */ = {isa = PBXBuildFile; fileRef = 9B3D54E3224076F100025AFB /* AppDelegate.swift */; };
		9B3D54E6224076F100025AFB /* ViewController.swift in Sources */ = {isa = PBXBuildFile; fileRef = 9B3D54E5224076F100025AFB /* ViewController.swift */; };
		9B3D54E9224076F100025AFB /* Main.storyboard in Resources */ = {isa = PBXBuildFile; fileRef = 9B3D54E7224076F100025AFB /* Main.storyboard */; };
		9B3D54EB224076F200025AFB /* Assets.xcassets in Resources */ = {isa = PBXBuildFile; fileRef = 9B3D54EA224076F200025AFB /* Assets.xcassets */; };
		9B3D54EE224076F200025AFB /* LaunchScreen.storyboard in Resources */ = {isa = PBXBuildFile; fileRef = 9B3D54EC224076F200025AFB /* LaunchScreen.storyboard */; };
		9B3D54F9224076F300025AFB /* Day_12_WebViewTests.swift in Sources */ = {isa = PBXBuildFile; fileRef = 9B3D54F8224076F300025AFB /* Day_12_WebViewTests.swift */; };
		9B3D5504224076F300025AFB /* Day_12_WebViewUITests.swift in Sources */ = {isa = PBXBuildFile; fileRef = 9B3D5503224076F300025AFB /* Day_12_WebViewUITests.swift */; };
/* End PBXBuildFile section */

/* Begin PBXContainerItemProxy section */
		9B3D54F5224076F300025AFB /* PBXContainerItemProxy */ = {
			isa = PBXContainerItemProxy;
			containerPortal = 9B3D54D8224076F100025AFB /* Project object */;
			proxyType = 1;
			remoteGlobalIDString = 9B3D54DF224076F100025AFB;
			remoteInfo = "Day 12_WebView";
		};
		9B3D5500224076F300025AFB /* PBXContainerItemProxy */ = {
			isa = PBXContainerItemProxy;
			containerPortal = 9B3D54D8224076F100025AFB /* Project object */;
			proxyType = 1;
			remoteGlobalIDString = 9B3D54DF224076F100025AFB;
			remoteInfo = "Day 12_WebView";
		};
/* End PBXContainerItemProxy section */

/* Begin PBXFileReference section */
		9B3D54E0224076F100025AFB /* Day 12_WebView.app */ = {isa = PBXFileReference; explicitFileType = wrapper.application; includeInIndex = 0; path = "Day 12_WebView.app"; sourceTree = BUILT_PRODUCTS_DIR; };
		9B3D54E3224076F100025AFB /* AppDelegate.swift */ = {isa = PBXFileReference; lastKnownFileType = sourcecode.swift; path = AppDelegate.swift; sourceTree = "<group>"; };
		9B3D54E5224076F100025AFB /* ViewController.swift */ = {isa = PBXFileReference; lastKnownFileType = sourcecode.swift; path = ViewController.swift; sourceTree = "<group>"; };
		9B3D54E8224076F100025AFB /* Base */ = {isa = PBXFileReference; lastKnownFileType = file.storyboard; name = Base; path = Base.lproj/Main.storyboard; sourceTree = "<group>"; };
		9B3D54EA224076F200025AFB /* Assets.xcassets */ = {isa = PBXFileReference; lastKnownFileType = folder.assetcatalog; path = Assets.xcassets; sourceTree = "<group>"; };
		9B3D54ED224076F200025AFB /* Base */ = {isa = PBXFileReference; lastKnownFileType = file.storyboard; name = Base; path = Base.lproj/LaunchScreen.storyboard; sourceTree = "<group>"; };
		9B3D54EF224076F300025AFB /* Info.plist */ = {isa = PBXFileReference; lastKnownFileType = text.plist.xml; path = Info.plist; sourceTree = "<group>"; };
		9B3D54F4224076F300025AFB /* Day 12_WebViewTests.xctest */ = {isa = PBXFileReference; explicitFileType = wrapper.cfbundle; includeInIndex = 0; path = "Day 12_WebViewTests.xctest"; sourceTree = BUILT_PRODUCTS_DIR; };
		9B3D54F8224076F300025AFB /* Day_12_WebViewTests.swift */ = {isa = PBXFileReference; lastKnownFileType = sourcecode.swift; path = Day_12_WebViewTests.swift; sourceTree = "<group>"; };
		9B3D54FA224076F300025AFB /* Info.plist */ = {isa = PBXFileReference; lastKnownFileType = text.plist.xml; path = Info.plist; sourceTree = "<group>"; };
		9B3D54FF224076F300025AFB /* Day 12_WebViewUITests.xctest */ = {isa = PBXFileReference; explicitFileType = wrapper.cfbundle; includeInIndex = 0; path = "Day 12_WebViewUITests.xctest"; sourceTree = BUILT_PRODUCTS_DIR; };
		9B3D5503224076F300025AFB /* Day_12_WebViewUITests.swift */ = {isa = PBXFileReference; lastKnownFileType = sourcecode.swift; path = Day_12_WebViewUITests.swift; sourceTree = "<group>"; };
		9B3D5505224076F300025AFB /* Info.plist */ = {isa = PBXFileReference; lastKnownFileType = text.plist.xml; path = Info.plist; sourceTree = "<group>"; };
/* End PBXFileReference section */

/* Begin PBXFrameworksBuildPhase section */
		9B3D54DD224076F100025AFB /* Frameworks */ = {
			isa = PBXFrameworksBuildPhase;
			buildActionMask = 2147483647;
			files = (
			);
			runOnlyForDeploymentPostprocessing = 0;
		};
		9B3D54F1224076F300025AFB /* Frameworks */ = {
			isa = PBXFrameworksBuildPhase;
			buildActionMask = 2147483647;
			files = (
			);
			runOnlyForDeploymentPostprocessing = 0;
		};
		9B3D54FC224076F300025AFB /* Frameworks */ = {
			isa = PBXFrameworksBuildPhase;
			buildActionMask = 2147483647;
			files = (
			);
			runOnlyForDeploymentPostprocessing = 0;
		};
/* End PBXFrameworksBuildPhase section */

/* Begin PBXGroup section */
		9B3D54D7224076F100025AFB = {
			isa = PBXGroup;
			children = (
				9B3D54E2224076F100025AFB /* Day 12_WebView */,
				9B3D54F7224076F300025AFB /* Day 12_WebViewTests */,
				9B3D5502224076F300025AFB /* Day 12_WebViewUITests */,
				9B3D54E1224076F100025AFB /* Products */,
			);
			sourceTree = "<group>";
		};
		9B3D54E1224076F100025AFB /* Products */ = {
			isa = PBXGroup;
			children = (
				9B3D54E0224076F100025AFB /* Day 12_WebView.app */,
				9B3D54F4224076F300025AFB /* Day 12_WebViewTests.xctest */,
				9B3D54FF224076F300025AFB /* Day 12_WebViewUITests.xctest */,
			);
			name = Products;
			sourceTree = "<group>";
		};
		9B3D54E2224076F100025AFB /* Day 12_WebView */ = {
			isa = PBXGroup;
			children = (
				9B3D54E3224076F100025AFB /* AppDelegate.swift */,
				9B3D54E5224076F100025AFB /* ViewController.swift */,
				9B3D54E7224076F100025AFB /* Main.storyboard */,
				9B3D54EA224076F200025AFB /* Assets.xcassets */,
				9B3D54EC224076F200025AFB /* LaunchScreen.storyboard */,
				9B3D54EF224076F300025AFB /* Info.plist */,
			);
			path = "Day 12_WebView";
			sourceTree = "<group>";
		};
		9B3D54F7224076F300025AFB /* Day 12_WebViewTests */ = {
			isa = PBXGroup;
			children = (
				9B3D54F8224076F300025AFB /* Day_12_WebViewTests.swift */,
				9B3D54FA224076F300025AFB /* Info.plist */,
			);
			path = "Day 12_WebViewTests";
			sourceTree = "<group>";
		};
		9B3D5502224076F300025AFB /* Day 12_WebViewUITests */ = {
			isa = PBXGroup;
			children = (
				9B3D5503224076F300025AFB /* Day_12_WebViewUITests.swift */,
				9B3D5505224076F300025AFB /* Info.plist */,
			);
			path = "Day 12_WebViewUITests";
			sourceTree = "<group>";
		};
/* End PBXGroup section */

/* Begin PBXNativeTarget section */
		9B3D54DF224076F100025AFB /* Day 12_WebView */ = {
			isa = PBXNativeTarget;
			buildConfigurationList = 9B3D5508224076F300025AFB /* Build configuration list for PBXNativeTarget "Day 12_WebView" */;
			buildPhases = (
				9B3D54DC224076F100025AFB /* Sources */,
				9B3D54DD224076F100025AFB /* Frameworks */,
				9B3D54DE224076F100025AFB /* Resources */,
			);
			buildRules = (
			);
			dependencies = (
			);
			name = "Day 12_WebView";
			productName = "Day 12_WebView";
			productReference = 9B3D54E0224076F100025AFB /* Day 12_WebView.app */;
			productType = "com.apple.product-type.application";
		};
		9B3D54F3224076F300025AFB /* Day 12_WebViewTests */ = {
			isa = PBXNativeTarget;
			buildConfigurationList = 9B3D550B224076F300025AFB /* Build configuration list for PBXNativeTarget "Day 12_WebViewTests" */;
			buildPhases = (
				9B3D54F0224076F300025AFB /* Sources */,
				9B3D54F1224076F300025AFB /* Frameworks */,
				9B3D54F2224076F300025AFB /* Resources */,
			);
			buildRules = (
			);
			dependencies = (
				9B3D54F6224076F300025AFB /* PBXTargetDependency */,
			);
			name = "Day 12_WebViewTests";
			productName = "Day 12_WebViewTests";
			productReference = 9B3D54F4224076F300025AFB /* Day 12_WebViewTests.xctest */;
			productType = "com.apple.product-type.bundle.unit-test";
		};
		9B3D54FE224076F300025AFB /* Day 12_WebViewUITests */ = {
			isa = PBXNativeTarget;
			buildConfigurationList = 9B3D550E224076F300025AFB /* Build configuration list for PBXNativeTarget "Day 12_WebViewUITests" */;
			buildPhases = (
				9B3D54FB224076F300025AFB /* Sources */,
				9B3D54FC224076F300025AFB /* Frameworks */,
				9B3D54FD224076F300025AFB /* Resources */,
			);
			buildRules = (
			);
			dependencies = (
				9B3D5501224076F300025AFB /* PBXTargetDependency */,
			);
			name = "Day 12_WebViewUITests";
			productName = "Day 12_WebViewUITests";
			productReference = 9B3D54FF224076F300025AFB /* Day 12_WebViewUITests.xctest */;
			productType = "com.apple.product-type.bundle.ui-testing";
		};
/* End PBXNativeTarget section */

/* Begin PBXProject section */
		9B3D54D8224076F100025AFB /* Project object */ = {
			isa = PBXProject;
			attributes = {
				LastSwiftUpdateCheck = 1010;
				LastUpgradeCheck = 1010;
				ORGANIZATIONNAME = MacStudent;
				TargetAttributes = {
					9B3D54DF224076F100025AFB = {
						CreatedOnToolsVersion = 10.1;
					};
					9B3D54F3224076F300025AFB = {
						CreatedOnToolsVersion = 10.1;
						TestTargetID = 9B3D54DF224076F100025AFB;
					};
					9B3D54FE224076F300025AFB = {
						CreatedOnToolsVersion = 10.1;
						TestTargetID = 9B3D54DF224076F100025AFB;
					};
				};
			};
			buildConfigurationList = 9B3D54DB224076F100025AFB /* Build configuration list for PBXProject "Day 12_WebView" */;
			compatibilityVersion = "Xcode 9.3";
			developmentRegion = en;
			hasScannedForEncodings = 0;
			knownRegions = (
				en,
				Base,
			);
			mainGroup = 9B3D54D7224076F100025AFB;
			productRefGroup = 9B3D54E1224076F100025AFB /* Products */;
			projectDirPath = "";
			projectRoot = "";
			targets = (
				9B3D54DF224076F100025AFB /* Day 12_WebView */,
				9B3D54F3224076F300025AFB /* Day 12_WebViewTests */,
				9B3D54FE224076F300025AFB /* Day 12_WebViewUITests */,
			);
		};
/* End PBXProject section */

/* Begin PBXResourcesBuildPhase section */
		9B3D54DE224076F100025AFB /* Resources */ = {
			isa = PBXResourcesBuildPhase;
			buildActionMask = 2147483647;
			files = (
				9B3D54EE224076F200025AFB /* LaunchScreen.storyboard in Resources */,
				9B3D54EB224076F200025AFB /* Assets.xcassets in Resources */,
				9B3D54E9224076F100025AFB /* Main.storyboard in Resources */,
			);
			runOnlyForDeploymentPostprocessing = 0;
		};
		9B3D54F2224076F300025AFB /* Resources */ = {
			isa = PBXResourcesBuildPhase;
			buildActionMask = 2147483647;
			files = (
			);
			runOnlyForDeploymentPostprocessing = 0;
		};
		9B3D54FD224076F300025AFB /* Resources */ = {
			isa = PBXResourcesBuildPhase;
			buildActionMask = 2147483647;
			files = (
			);
			runOnlyForDeploymentPostprocessing = 0;
		};
/* End PBXResourcesBuildPhase section */

/* Begin PBXSourcesBuildPhase section */
		9B3D54DC224076F100025AFB /* Sources */ = {
			isa = PBXSourcesBuildPhase;
			buildActionMask = 2147483647;
			files = (
				9B3D54E6224076F100025AFB /* ViewController.swift in Sources */,
				9B3D54E4224076F100025AFB /* AppDelegate.swift in Sources */,
			);
			runOnlyForDeploymentPostprocessing = 0;
		};
		9B3D54F0224076F300025AFB /* Sources */ = {
			isa = PBXSourcesBuildPhase;
			buildActionMask = 2147483647;
			files = (
				9B3D54F9224076F300025AFB /* Day_12_WebViewTests.swift in Sources */,
			);
			runOnlyForDeploymentPostprocessing = 0;
		};
		9B3D54FB224076F300025AFB /* Sources */ = {
			isa = PBXSourcesBuildPhase;
			buildActionMask = 2147483647;
			files = (
				9B3D5504224076F300025AFB /* Day_12_WebViewUITests.swift in Sources */,
			);
			runOnlyForDeploymentPostprocessing = 0;
		};
/* End PBXSourcesBuildPhase section */

/* Begin PBXTargetDependency section */
		9B3D54F6224076F300025AFB /* PBXTargetDependency */ = {
			isa = PBXTargetDependency;
			target = 9B3D54DF224076F100025AFB /* Day 12_WebView */;
			targetProxy = 9B3D54F5224076F300025AFB /* PBXContainerItemProxy */;
		};
		9B3D5501224076F300025AFB /* PBXTargetDependency */ = {
			isa = PBXTargetDependency;
			target = 9B3D54DF224076F100025AFB /* Day 12_WebView */;
			targetProxy = 9B3D5500224076F300025AFB /* PBXContainerItemProxy */;
		};
/* End PBXTargetDependency section */

/* Begin PBXVariantGroup section */
		9B3D54E7224076F100025AFB /* Main.storyboard */ = {
			isa = PBXVariantGroup;
			children = (
				9B3D54E8224076F100025AFB /* Base */,
			);
			name = Main.storyboard;
			sourceTree = "<group>";
		};
		9B3D54EC224076F200025AFB /* LaunchScreen.storyboard */ = {
			isa = PBXVariantGroup;
			children = (
				9B3D54ED224076F200025AFB /* Base */,
			);
			name = LaunchScreen.storyboard;
			sourceTree = "<group>";
		};
/* End PBXVariantGroup section */

/* Begin XCBuildConfiguration section */
		9B3D5506224076F300025AFB /* Debug */ = {
			isa = XCBuildConfiguration;
			buildSettings = {
				ALWAYS_SEARCH_USER_PATHS = NO;
				CLANG_ANALYZER_NONNULL = YES;
				CLANG_ANALYZER_NUMBER_OBJECT_CONVERSION = YES_AGGRESSIVE;
				CLANG_CXX_LANGUAGE_STANDARD = "gnu++14";
				CLANG_CXX_LIBRARY = "libc++";
				CLANG_ENABLE_MODULES = YES;
				CLANG_ENABLE_OBJC_ARC = YES;
				CLANG_ENABLE_OBJC_WEAK = YES;
				CLANG_WARN_BLOCK_CAPTURE_AUTORELEASING = YES;
				CLANG_WARN_BOOL_CONVERSION = YES;
				CLANG_WARN_COMMA = YES;
				CLANG_WARN_CONSTANT_CONVERSION = YES;
				CLANG_WARN_DEPRECATED_OBJC_IMPLEMENTATIONS = YES;
				CLANG_WARN_DIRECT_OBJC_ISA_USAGE = YES_ERROR;
				CLANG_WARN_DOCUMENTATION_COMMENTS = YES;
				CLANG_WARN_EMPTY_BODY = YES;
				CLANG_WARN_ENUM_CONVERSION = YES;
				CLANG_WARN_INFINITE_RECURSION = YES;
				CLANG_WARN_INT_CONVERSION = YES;
				CLANG_WARN_NON_LITERAL_NULL_CONVERSION = YES;
				CLANG_WARN_OBJC_IMPLICIT_RETAIN_SELF = YES;
				CLANG_WARN_OBJC_LITERAL_CONVERSION = YES;
				CLANG_WARN_OBJC_ROOT_CLASS = YES_ERROR;
				CLANG_WARN_RANGE_LOOP_ANALYSIS = YES;
				CLANG_WARN_STRICT_PROTOTYPES = YES;
				CLANG_WARN_SUSPICIOUS_MOVE = YES;
				CLANG_WARN_UNGUARDED_AVAILABILITY = YES_AGGRESSIVE;
				CLANG_WARN_UNREACHABLE_CODE = YES;
				CLANG_WARN__DUPLICATE_METHOD_MATCH = YES;
				CODE_SIGN_IDENTITY = "iPhone Developer";
				COPY_PHASE_STRIP = NO;
				DEBUG_INFORMATION_FORMAT = dwarf;
				ENABLE_STRICT_OBJC_MSGSEND = YES;
				ENABLE_TESTABILITY = YES;
				GCC_C_LANGUAGE_STANDARD = gnu11;
				GCC_DYNAMIC_NO_PIC = NO;
				GCC_NO_COMMON_BLOCKS = YES;
				GCC_OPTIMIZATION_LEVEL = 0;
				GCC_PREPROCESSOR_DEFINITIONS = (
					"DEBUG=1",
					"$(inherited)",
				);
				GCC_WARN_64_TO_32_BIT_CONVERSION = YES;
				GCC_WARN_ABOUT_RETURN_TYPE = YES_ERROR;
				GCC_WARN_UNDECLARED_SELECTOR = YES;
				GCC_WARN_UNINITIALIZED_AUTOS = YES_AGGRESSIVE;
				GCC_WARN_UNUSED_FUNCTION = YES;
				GCC_WARN_UNUSED_VARIABLE = YES;
				IPHONEOS_DEPLOYMENT_TARGET = 12.1;
				MTL_ENABLE_DEBUG_INFO = INCLUDE_SOURCE;
				MTL_FAST_MATH = YES;
				ONLY_ACTIVE_ARCH = YES;
				SDKROOT = iphoneos;
				SWIFT_ACTIVE_COMPILATION_CONDITIONS = DEBUG;
				SWIFT_OPTIMIZATION_LEVEL = "-Onone";
			};
			name = Debug;
		};
		9B3D5507224076F300025AFB /* Release */ = {
			isa = XCBuildConfiguration;
			buildSettings = {
				ALWAYS_SEARCH_USER_PATHS = NO;
				CLANG_ANALYZER_NONNULL = YES;
				CLANG_ANALYZER_NUMBER_OBJECT_CONVERSION = YES_AGGRESSIVE;
				CLANG_CXX_LANGUAGE_STANDARD = "gnu++14";
				CLANG_CXX_LIBRARY = "libc++";
				CLANG_ENABLE_MODULES = YES;
				CLANG_ENABLE_OBJC_ARC = YES;
				CLANG_ENABLE_OBJC_WEAK = YES;
				CLANG_WARN_BLOCK_CAPTURE_AUTORELEASING = YES;
				CLANG_WARN_BOOL_CONVERSION = YES;
				CLANG_WARN_COMMA = YES;
				CLANG_WARN_CONSTANT_CONVERSION = YES;
				CLANG_WARN_DEPRECATED_OBJC_IMPLEMENTATIONS = YES;
				CLANG_WARN_DIRECT_OBJC_ISA_USAGE = YES_ERROR;
				CLANG_WARN_DOCUMENTATION_COMMENTS = YES;
				CLANG_WARN_EMPTY_BODY = YES;
				CLANG_WARN_ENUM_CONVERSION = YES;
				CLANG_WARN_INFINITE_RECURSION = YES;
				CLANG_WARN_INT_CONVERSION = YES;
				CLANG_WARN_NON_LITERAL_NULL_CONVERSION = YES;
				CLANG_WARN_OBJC_IMPLICIT_RETAIN_SELF = YES;
				CLANG_WARN_OBJC_LITERAL_CONVERSION = YES;
				CLANG_WARN_OBJC_ROOT_CLASS = YES_ERROR;
				CLANG_WARN_RANGE_LOOP_ANALYSIS = YES;
				CLANG_WARN_STRICT_PROTOTYPES = YES;
				CLANG_WARN_SUSPICIOUS_MOVE = YES;
				CLANG_WARN_UNGUARDED_AVAILABILITY = YES_AGGRESSIVE;
				CLANG_WARN_UNREACHABLE_CODE = YES;
				CLANG_WARN__DUPLICATE_METHOD_MATCH = YES;
				CODE_SIGN_IDENTITY = "iPhone Developer";
				COPY_PHASE_STRIP = NO;
				DEBUG_INFORMATION_FORMAT = "dwarf-with-dsym";
				ENABLE_NS_ASSERTIONS = NO;
				ENABLE_STRICT_OBJC_MSGSEND = YES;
				GCC_C_LANGUAGE_STANDARD = gnu11;
				GCC_NO_COMMON_BLOCKS = YES;
				GCC_WARN_64_TO_32_BIT_CONVERSION = YES;
				GCC_WARN_ABOUT_RETURN_TYPE = YES_ERROR;
				GCC_WARN_UNDECLARED_SELECTOR = YES;
				GCC_WARN_UNINITIALIZED_AUTOS = YES_AGGRESSIVE;
				GCC_WARN_UNUSED_FUNCTION = YES;
				GCC_WARN_UNUSED_VARIABLE = YES;
				IPHONEOS_DEPLOYMENT_TARGET = 12.1;
				MTL_ENABLE_DEBUG_INFO = NO;
				MTL_FAST_MATH = YES;
				SDKROOT = iphoneos;
				SWIFT_COMPILATION_MODE = wholemodule;
				SWIFT_OPTIMIZATION_LEVEL = "-O";
				VALIDATE_PRODUCT = YES;
			};
			name = Release;
		};
		9B3D5509224076F300025AFB /* Debug */ = {
			isa = XCBuildConfiguration;
			buildSettings = {
				ASSETCATALOG_COMPILER_APPICON_NAME = AppIcon;
				CODE_SIGN_STYLE = Automatic;
				INFOPLIST_FILE = "Day 12_WebView/Info.plist";
				LD_RUNPATH_SEARCH_PATHS = (
					"$(inherited)",
					"@executable_path/Frameworks",
				);
				PRODUCT_BUNDLE_IDENTIFIER = "CestarCollege.Day-12-WebView";
				PRODUCT_NAME = "$(TARGET_NAME)";
				SWIFT_VERSION = 4.2;
				TARGETED_DEVICE_FAMILY = "1,2";
			};
			name = Debug;
		};
		9B3D550A224076F300025AFB /* Release */ = {
			isa = XCBuildConfiguration;
			buildSettings = {
				ASSETCATALOG_COMPILER_APPICON_NAME = AppIcon;
				CODE_SIGN_STYLE = Automatic;
				INFOPLIST_FILE = "Day 12_WebView/Info.plist";
				LD_RUNPATH_SEARCH_PATHS = (
					"$(inherited)",
					"@executable_path/Frameworks",
				);
				PRODUCT_BUNDLE_IDENTIFIER = "CestarCollege.Day-12-WebView";
				PRODUCT_NAME = "$(TARGET_NAME)";
				SWIFT_VERSION = 4.2;
				TARGETED_DEVICE_FAMILY = "1,2";
			};
			name = Release;
		};
		9B3D550C224076F300025AFB /* Debug */ = {
			isa = XCBuildConfiguration;
			buildSettings = {
				ALWAYS_EMBED_SWIFT_STANDARD_LIBRARIES = YES;
				BUNDLE_LOADER = "$(TEST_HOST)";
				CODE_SIGN_STYLE = Automatic;
				INFOPLIST_FILE = "Day 12_WebViewTests/Info.plist";
				LD_RUNPATH_SEARCH_PATHS = (
					"$(inherited)",
					"@executable_path/Frameworks",
					"@loader_path/Frameworks",
				);
				PRODUCT_BUNDLE_IDENTIFIER = "CestarCollege.Day-12-WebViewTests";
				PRODUCT_NAME = "$(TARGET_NAME)";
				SWIFT_VERSION = 4.2;
				TARGETED_DEVICE_FAMILY = "1,2";
				TEST_HOST = "$(BUILT_PRODUCTS_DIR)/Day 12_WebView.app/Day 12_WebView";
			};
			name = Debug;
		};
		9B3D550D224076F300025AFB /* Release */ = {
			isa = XCBuildConfiguration;
			buildSettings = {
				ALWAYS_EMBED_SWIFT_STANDARD_LIBRARIES = YES;
				BUNDLE_LOADER = "$(TEST_HOST)";
				CODE_SIGN_STYLE = Automatic;
				INFOPLIST_FILE = "Day 12_WebViewTests/Info.plist";
				LD_RUNPATH_SEARCH_PATHS = (
					"$(inherited)",
					"@executable_path/Frameworks",
					"@loader_path/Frameworks",
				);
				PRODUCT_BUNDLE_IDENTIFIER = "CestarCollege.Day-12-WebViewTests";
				PRODUCT_NAME = "$(TARGET_NAME)";
				SWIFT_VERSION = 4.2;
				TARGETED_DEVICE_FAMILY = "1,2";
				TEST_HOST = "$(BUILT_PRODUCTS_DIR)/Day 12_WebView.app/Day 12_WebView";
			};
			name = Release;
		};
		9B3D550F224076F300025AFB /* Debug */ = {
			isa = XCBuildConfiguration;
			buildSettings = {
				ALWAYS_EMBED_SWIFT_STANDARD_LIBRARIES = YES;
				CODE_SIGN_STYLE = Automatic;
				INFOPLIST_FILE = "Day 12_WebViewUITests/Info.plist";
				LD_RUNPATH_SEARCH_PATHS = (
					"$(inherited)",
					"@executable_path/Frameworks",
					"@loader_path/Frameworks",
				);
				PRODUCT_BUNDLE_IDENTIFIER = "CestarCollege.Day-12-WebViewUITests";
				PRODUCT_NAME = "$(TARGET_NAME)";
				SWIFT_VERSION = 4.2;
				TARGETED_DEVICE_FAMILY = "1,2";
				TEST_TARGET_NAME = "Day 12_WebView";
			};
			name = Debug;
		};
		9B3D5510224076F300025AFB /* Release */ = {
			isa = XCBuildConfiguration;
			buildSettings = {
				ALWAYS_EMBED_SWIFT_STANDARD_LIBRARIES = YES;
				CODE_SIGN_STYLE = Automatic;
				INFOPLIST_FILE = "Day 12_WebViewUITests/Info.plist";
				LD_RUNPATH_SEARCH_PATHS = (
					"$(inherited)",
					"@executable_path/Frameworks",
					"@loader_path/Frameworks",
				);
				PRODUCT_BUNDLE_IDENTIFIER = "CestarCollege.Day-12-WebViewUITests";
				PRODUCT_NAME = "$(TARGET_NAME)";
				SWIFT_VERSION = 4.2;
				TARGETED_DEVICE_FAMILY = "1,2";
				TEST_TARGET_NAME = "Day 12_WebView";
			};
			name = Release;
		};
/* End XCBuildConfiguration section */

/* Begin XCConfigurationList section */
		9B3D54DB224076F100025AFB /* Build configuration list for PBXProject "Day 12_WebView" */ = {
			isa = XCConfigurationList;
			buildConfigurations = (
				9B3D5506224076F300025AFB /* Debug */,
				9B3D5507224076F300025AFB /* Release */,
			);
			defaultConfigurationIsVisible = 0;
			defaultConfigurationName = Release;
		};
		9B3D5508224076F300025AFB /* Build configuration list for PBXNativeTarget "Day 12_WebView" */ = {
			isa = XCConfigurationList;
			buildConfigurations = (
				9B3D5509224076F300025AFB /* Debug */,
				9B3D550A224076F300025AFB /* Release */,
			);
			defaultConfigurationIsVisible = 0;
			defaultConfigurationName = Release;
		};
		9B3D550B224076F300025AFB /* Build configuration list for PBXNativeTarget "Day 12_WebViewTests" */ = {
			isa = XCConfigurationList;
			buildConfigurations = (
				9B3D550C224076F300025AFB /* Debug */,
				9B3D550D224076F300025AFB /* Release */,
			);
			defaultConfigurationIsVisible = 0;
			defaultConfigurationName = Release;
		};
		9B3D550E224076F300025AFB /* Build configuration list for PBXNativeTarget "Day 12_WebViewUITests" */ = {
			isa = XCConfigurationList;
			buildConfigurations = (
				9B3D550F224076F300025AFB /* Debug */,
				9B3D5510224076F300025AFB /* Release */,
			);
			defaultConfigurationIsVisible = 0;
			defaultConfigurationName = Release;
		};
/* End XCConfigurationList section */
	};
	rootObject = 9B3D54D8224076F100025AFB /* Project object */;
}
